// !$*UTF8*$!
{
	archiveVersion = 1;
	classes = {
	};
	objectVersion = 46;
	objects = {

/* Begin PBXBuildFile section */
		8A227F891BF49E5E0093C215 /* main.m in Sources */ = {isa = PBXBuildFile; fileRef = 8A227F881BF49E5E0093C215 /* main.m */; };
		8A227F8C1BF49E5E0093C215 /* AppDelegate.m in Sources */ = {isa = PBXBuildFile; fileRef = 8A227F8B1BF49E5E0093C215 /* AppDelegate.m */; };
		8A227F8F1BF49E5E0093C215 /* ViewController.m in Sources */ = {isa = PBXBuildFile; fileRef = 8A227F8E1BF49E5E0093C215 /* ViewController.m */; };
		8A227F941BF49E5E0093C215 /* Assets.xcassets in Resources */ = {isa = PBXBuildFile; fileRef = 8A227F931BF49E5E0093C215 /* Assets.xcassets */; };
		8A2EB87D202CA6B6005CAC01 /* LaunchScreen.storyboard in Resources */ = {isa = PBXBuildFile; fileRef = 8A2EB87C202CA6B6005CAC01 /* LaunchScreen.storyboard */; };
		8A2EB882202CAD90005CAC01 /* NavigationController.m in Sources */ = {isa = PBXBuildFile; fileRef = 8A2EB881202CAD90005CAC01 /* NavigationController.m */; };
		8A5C90311F839F06004B0D10 /* AlertInputController.m in Sources */ = {isa = PBXBuildFile; fileRef = 8A5C90301F839F06004B0D10 /* AlertInputController.m */; };
		8A5D69361DD4D6ED00BB13AE /* DLAlertController.framework in Frameworks */ = {isa = PBXBuildFile; fileRef = 8A5D69351DD4D6ED00BB13AE /* DLAlertController.framework */; };
/* End PBXBuildFile section */

/* Begin PBXFileReference section */
		8A227F841BF49E5E0093C215 /* Sample.app */ = {isa = PBXFileReference; explicitFileType = wrapper.application; includeInIndex = 0; path = Sample.app; sourceTree = BUILT_PRODUCTS_DIR; };
		8A227F881BF49E5E0093C215 /* main.m */ = {isa = PBXFileReference; lastKnownFileType = sourcecode.c.objc; path = main.m; sourceTree = "<group>"; };
		8A227F8A1BF49E5E0093C215 /* AppDelegate.h */ = {isa = PBXFileReference; lastKnownFileType = sourcecode.c.h; path = AppDelegate.h; sourceTree = "<group>"; };
		8A227F8B1BF49E5E0093C215 /* AppDelegate.m */ = {isa = PBXFileReference; lastKnownFileType = sourcecode.c.objc; path = AppDelegate.m; sourceTree = "<group>"; };
		8A227F8D1BF49E5E0093C215 /* ViewController.h */ = {isa = PBXFileReference; lastKnownFileType = sourcecode.c.h; path = ViewController.h; sourceTree = "<group>"; };
		8A227F8E1BF49E5E0093C215 /* ViewController.m */ = {isa = PBXFileReference; lastKnownFileType = sourcecode.c.objc; lineEnding = 0; path = ViewController.m; sourceTree = "<group>"; xcLanguageSpecificationIdentifier = xcode.lang.objc; };
		8A227F931BF49E5E0093C215 /* Assets.xcassets */ = {isa = PBXFileReference; lastKnownFileType = folder.assetcatalog; path = Assets.xcassets; sourceTree = "<group>"; };
		8A227F981BF49E5E0093C215 /* Info.plist */ = {isa = PBXFileReference; lastKnownFileType = text.plist.xml; path = Info.plist; sourceTree = "<group>"; };
		8A2EB87C202CA6B6005CAC01 /* LaunchScreen.storyboard */ = {isa = PBXFileReference; lastKnownFileType = file.storyboard; path = LaunchScreen.storyboard; sourceTree = "<group>"; };
		8A2EB880202CAD90005CAC01 /* NavigationController.h */ = {isa = PBXFileReference; lastKnownFileType = sourcecode.c.h; path = NavigationController.h; sourceTree = "<group>"; };
		8A2EB881202CAD90005CAC01 /* NavigationController.m */ = {isa = PBXFileReference; lastKnownFileType = sourcecode.c.objc; path = NavigationController.m; sourceTree = "<group>"; };
		8A5C902F1F839F06004B0D10 /* AlertInputController.h */ = {isa = PBXFileReference; fileEncoding = 4; lastKnownFileType = sourcecode.c.h; path = AlertInputController.h; sourceTree = "<group>"; };
		8A5C90301F839F06004B0D10 /* AlertInputController.m */ = {isa = PBXFileReference; fileEncoding = 4; lastKnownFileType = sourcecode.c.objc; path = AlertInputController.m; sourceTree = "<group>"; };
		8A5D69351DD4D6ED00BB13AE /* DLAlertController.framework */ = {isa = PBXFileReference; lastKnownFileType = wrapper.framework; name = DLAlertController.framework; path = "../../../../Library/Developer/Xcode/DerivedData/Sample-cducqkokeihvupbgbjwajzmzztno/Build/Products/Debug-iphoneos/DLAlertController.framework"; sourceTree = "<group>"; };
/* End PBXFileReference section */

/* Begin PBXFrameworksBuildPhase section */
		8A227F811BF49E5E0093C215 /* Frameworks */ = {
			isa = PBXFrameworksBuildPhase;
			buildActionMask = 2147483647;
			files = (
				8A5D69361DD4D6ED00BB13AE /* DLAlertController.framework in Frameworks */,
			);
			runOnlyForDeploymentPostprocessing = 0;
		};
/* End PBXFrameworksBuildPhase section */

/* Begin PBXGroup section */
		8A227F7B1BF49E5E0093C215 = {
			isa = PBXGroup;
			children = (
				8A227F861BF49E5E0093C215 /* Sample */,
				8A227F851BF49E5E0093C215 /* Products */,
				8A5D69341DD4D6ED00BB13AE /* Frameworks */,
			);
			sourceTree = "<group>";
		};
		8A227F851BF49E5E0093C215 /* Products */ = {
			isa = PBXGroup;
			children = (
				8A227F841BF49E5E0093C215 /* Sample.app */,
			);
			name = Products;
			sourceTree = "<group>";
		};
		8A227F861BF49E5E0093C215 /* Sample */ = {
			isa = PBXGroup;
			children = (
				8A2EB876202CA618005CAC01 /* Classes */,
				8A2EB874202CA608005CAC01 /* Resources */,
				8A2EB87B202CA669005CAC01 /* Supporting Files */,
			);
			path = Sample;
			sourceTree = "<group>";
		};
		8A2EB874202CA608005CAC01 /* Resources */ = {
			isa = PBXGroup;
			children = (
				8A227F931BF49E5E0093C215 /* Assets.xcassets */,
				8A2EB87C202CA6B6005CAC01 /* LaunchScreen.storyboard */,
			);
			path = Resources;
			sourceTree = "<group>";
		};
		8A2EB876202CA618005CAC01 /* Classes */ = {
			isa = PBXGroup;
			children = (
				8A2EB878202CA639005CAC01 /* ApplicationLayer */,
				8A2EB877202CA61F005CAC01 /* PresentationLayer */,
			);
			path = Classes;
			sourceTree = "<group>";
		};
		8A2EB877202CA61F005CAC01 /* PresentationLayer */ = {
			isa = PBXGroup;
			children = (
				8A2EB87F202CAD72005CAC01 /* Navigation */,
				8A2EB879202CA64A005CAC01 /* Alerts */,
				8A227F8D1BF49E5E0093C215 /* ViewController.h */,
				8A227F8E1BF49E5E0093C215 /* ViewController.m */,
			);
			path = PresentationLayer;
			sourceTree = "<group>";
		};
		8A2EB878202CA639005CAC01 /* ApplicationLayer */ = {
			isa = PBXGroup;
			children = (
				8A227F8A1BF49E5E0093C215 /* AppDelegate.h */,
				8A227F8B1BF49E5E0093C215 /* AppDelegate.m */,
			);
			path = ApplicationLayer;
			sourceTree = "<group>";
		};
		8A2EB879202CA64A005CAC01 /* Alerts */ = {
			isa = PBXGroup;
			children = (
				8A2EB87E202CA6D2005CAC01 /* Input */,
			);
			path = Alerts;
			sourceTree = "<group>";
		};
		8A2EB87B202CA669005CAC01 /* Supporting Files */ = {
			isa = PBXGroup;
			children = (
				8A227F881BF49E5E0093C215 /* main.m */,
				8A227F981BF49E5E0093C215 /* Info.plist */,
			);
			path = "Supporting Files";
			sourceTree = "<group>";
		};
		8A2EB87E202CA6D2005CAC01 /* Input */ = {
			isa = PBXGroup;
			children = (
				8A5C902F1F839F06004B0D10 /* AlertInputController.h */,
				8A5C90301F839F06004B0D10 /* AlertInputController.m */,
			);
			path = Input;
			sourceTree = "<group>";
		};
		8A2EB87F202CAD72005CAC01 /* Navigation */ = {
			isa = PBXGroup;
			children = (
				8A2EB880202CAD90005CAC01 /* NavigationController.h */,
				8A2EB881202CAD90005CAC01 /* NavigationController.m */,
			);
			path = Navigation;
			sourceTree = "<group>";
		};
		8A5D69341DD4D6ED00BB13AE /* Frameworks */ = {
			isa = PBXGroup;
			children = (
				8A5D69351DD4D6ED00BB13AE /* DLAlertController.framework */,
			);
			name = Frameworks;
			sourceTree = "<group>";
		};
/* End PBXGroup section */

/* Begin PBXNativeTarget section */
		8A227F831BF49E5E0093C215 /* Sample */ = {
			isa = PBXNativeTarget;
			buildConfigurationList = 8A227F9B1BF49E5E0093C215 /* Build configuration list for PBXNativeTarget "Sample" */;
			buildPhases = (
				8A227F801BF49E5E0093C215 /* Sources */,
				8A227F811BF49E5E0093C215 /* Frameworks */,
				8A227F821BF49E5E0093C215 /* Resources */,
			);
			buildRules = (
			);
			dependencies = (
			);
			name = Sample;
			productName = Sample;
			productReference = 8A227F841BF49E5E0093C215 /* Sample.app */;
			productType = "com.apple.product-type.application";
		};
/* End PBXNativeTarget section */

/* Begin PBXProject section */
		8A227F7C1BF49E5E0093C215 /* Project object */ = {
			isa = PBXProject;
			attributes = {
				LastUpgradeCheck = 0920;
				ORGANIZATIONNAME = "Dmitry Lizin";
				TargetAttributes = {
					8A227F831BF49E5E0093C215 = {
						CreatedOnToolsVersion = 7.1.1;
						DevelopmentTeam = N7KJYZ955Q;
					};
				};
			};
			buildConfigurationList = 8A227F7F1BF49E5E0093C215 /* Build configuration list for PBXProject "Sample" */;
			compatibilityVersion = "Xcode 3.2";
			developmentRegion = English;
			hasScannedForEncodings = 0;
			knownRegions = (
				en,
				Base,
			);
			mainGroup = 8A227F7B1BF49E5E0093C215;
			productRefGroup = 8A227F851BF49E5E0093C215 /* Products */;
			projectDirPath = "";
			projectRoot = "";
			targets = (
				8A227F831BF49E5E0093C215 /* Sample */,
			);
		};
/* End PBXProject section */

/* Begin PBXResourcesBuildPhase section */
		8A227F821BF49E5E0093C215 /* Resources */ = {
			isa = PBXResourcesBuildPhase;
			buildActionMask = 2147483647;
			files = (
				8A227F941BF49E5E0093C215 /* Assets.xcassets in Resources */,
				8A2EB87D202CA6B6005CAC01 /* LaunchScreen.storyboard in Resources */,
			);
			runOnlyForDeploymentPostprocessing = 0;
		};
/* End PBXResourcesBuildPhase section */

/* Begin PBXSourcesBuildPhase section */
		8A227F801BF49E5E0093C215 /* Sources */ = {
			isa = PBXSourcesBuildPhase;
			buildActionMask = 2147483647;
			files = (
				8A227F8F1BF49E5E0093C215 /* ViewController.m in Sources */,
				8A227F8C1BF49E5E0093C215 /* AppDelegate.m in Sources */,
				8A2EB882202CAD90005CAC01 /* NavigationController.m in Sources */,
				8A227F891BF49E5E0093C215 /* main.m in Sources */,
				8A5C90311F839F06004B0D10 /* AlertInputController.m in Sources */,
			);
			runOnlyForDeploymentPostprocessing = 0;
		};
/* End PBXSourcesBuildPhase section */

/* Begin XCBuildConfiguration section */
		8A227F991BF49E5E0093C215 /* Debug */ = {
			isa = XCBuildConfiguration;
			buildSettings = {
				ALWAYS_SEARCH_USER_PATHS = NO;
				CLANG_CXX_LANGUAGE_STANDARD = "gnu++0x";
				CLANG_CXX_LIBRARY = "libc++";
				CLANG_ENABLE_MODULES = YES;
				CLANG_ENABLE_OBJC_ARC = YES;
				CLANG_WARN_BLOCK_CAPTURE_AUTORELEASING = YES;
				CLANG_WARN_BOOL_CONVERSION = YES;
				CLANG_WARN_COMMA = YES;
				CLANG_WARN_CONSTANT_CONVERSION = YES;
				CLANG_WARN_DIRECT_OBJC_ISA_USAGE = YES_ERROR;
				CLANG_WARN_EMPTY_BODY = YES;
				CLANG_WARN_ENUM_CONVERSION = YES;
				CLANG_WARN_INFINITE_RECURSION = YES;
				CLANG_WARN_INT_CONVERSION = YES;
				CLANG_WARN_NON_LITERAL_NULL_CONVERSION = YES;
				CLANG_WARN_OBJC_LITERAL_CONVERSION = YES;
				CLANG_WARN_OBJC_ROOT_CLASS = YES_ERROR;
				CLANG_WARN_RANGE_LOOP_ANALYSIS = YES;
				CLANG_WARN_STRICT_PROTOTYPES = YES;
				CLANG_WARN_SUSPICIOUS_MOVE = YES;
				CLANG_WARN_UNREACHABLE_CODE = YES;
				CLANG_WARN__DUPLICATE_METHOD_MATCH = YES;
				"CODE_SIGN_IDENTITY[sdk=iphoneos*]" = "iPhone Developer";
				COPY_PHASE_STRIP = NO;
				DEBUG_INFORMATION_FORMAT = dwarf;
				ENABLE_STRICT_OBJC_MSGSEND = YES;
				ENABLE_TESTABILITY = YES;
				GCC_C_LANGUAGE_STANDARD = gnu99;
				GCC_DYNAMIC_NO_PIC = NO;
				GCC_NO_COMMON_BLOCKS = YES;
				GCC_OPTIMIZATION_LEVEL = 0;
				GCC_PREPROCESSOR_DEFINITIONS = (
					"DEBUG=1",
					"$(inherited)",
				);
				GCC_WARN_64_TO_32_BIT_CONVERSION = YES;
				GCC_WARN_ABOUT_RETURN_TYPE = YES_ERROR;
				GCC_WARN_UNDECLARED_SELECTOR = YES;
				GCC_WARN_UNINITIALIZED_AUTOS = YES_AGGRESSIVE;
				GCC_WARN_UNUSED_FUNCTION = YES;
				GCC_WARN_UNUSED_VARIABLE = YES;
				HEADER_SEARCH_PATHS = "../**";
				IPHONEOS_DEPLOYMENT_TARGET = 8.0;
				MTL_ENABLE_DEBUG_INFO = YES;
				ONLY_ACTIVE_ARCH = YES;
				OTHER_LDFLAGS = "-ObjC";
				SDKROOT = iphoneos;
				TARGETED_DEVICE_FAMILY = "1,2";
			};
			name = Debug;
		};
		8A227F9A1BF49E5E0093C215 /* Release */ = {
			isa = XCBuildConfiguration;
			buildSettings = {
				ALWAYS_SEARCH_USER_PATHS = NO;
				CLANG_CXX_LANGUAGE_STANDARD = "gnu++0x";
				CLANG_CXX_LIBRARY = "libc++";
				CLANG_ENABLE_MODULES = YES;
				CLANG_ENABLE_OBJC_ARC = YES;
				CLANG_WARN_BLOCK_CAPTURE_AUTORELEASING = YES;
				CLANG_WARN_BOOL_CONVERSION = YES;
				CLANG_WARN_COMMA = YES;
				CLANG_WARN_CONSTANT_CONVERSION = YES;
				CLANG_WARN_DIRECT_OBJC_ISA_USAGE = YES_ERROR;
				CLANG_WARN_EMPTY_BODY = YES;
				CLANG_WARN_ENUM_CONVERSION = YES;
				CLANG_WARN_INFINITE_RECURSION = YES;
				CLANG_WARN_INT_CONVERSION = YES;
				CLANG_WARN_NON_LITERAL_NULL_CONVERSION = YES;
				CLANG_WARN_OBJC_LITERAL_CONVERSION = YES;
				CLANG_WARN_OBJC_ROOT_CLASS = YES_ERROR;
				CLANG_WARN_RANGE_LOOP_ANALYSIS = YES;
				CLANG_WARN_STRICT_PROTOTYPES = YES;
				CLANG_WARN_SUSPICIOUS_MOVE = YES;
				CLANG_WARN_UNREACHABLE_CODE = YES;
				CLANG_WARN__DUPLICATE_METHOD_MATCH = YES;
				"CODE_SIGN_IDENTITY[sdk=iphoneos*]" = "iPhone Developer";
				COPY_PHASE_STRIP = NO;
				DEBUG_INFORMATION_FORMAT = "dwarf-with-dsym";
				ENABLE_NS_ASSERTIONS = NO;
				ENABLE_STRICT_OBJC_MSGSEND = YES;
				GCC_C_LANGUAGE_STANDARD = gnu99;
				GCC_NO_COMMON_BLOCKS = YES;
				GCC_WARN_64_TO_32_BIT_CONVERSION = YES;
				GCC_WARN_ABOUT_RETURN_TYPE = YES_ERROR;
				GCC_WARN_UNDECLARED_SELECTOR = YES;
				GCC_WARN_UNINITIALIZED_AUTOS = YES_AGGRESSIVE;
				GCC_WARN_UNUSED_FUNCTION = YES;
				GCC_WARN_UNUSED_VARIABLE = YES;
				HEADER_SEARCH_PATHS = "../**";
				IPHONEOS_DEPLOYMENT_TARGET = 8.0;
				MTL_ENABLE_DEBUG_INFO = NO;
				OTHER_LDFLAGS = "-ObjC";
				SDKROOT = iphoneos;
				TARGETED_DEVICE_FAMILY = "1,2";
				VALIDATE_PRODUCT = YES;
			};
			name = Release;
		};
		8A227F9C1BF49E5E0093C215 /* Debug */ = {
			isa = XCBuildConfiguration;
			buildSettings = {
				ASSETCATALOG_COMPILER_APPICON_NAME = AppIcon;
				ASSETCATALOG_COMPILER_LAUNCHIMAGE_NAME = "Brand Assets";
				DEVELOPMENT_TEAM = N7KJYZ955Q;
				INFOPLIST_FILE = "Sample/Supporting Files/Info.plist";
				LD_RUNPATH_SEARCH_PATHS = "$(inherited) @executable_path/Frameworks";
				PRODUCT_BUNDLE_IDENTIFIER = org.sdkdimon.Sample;
				PRODUCT_NAME = "$(TARGET_NAME)";
				TARGETED_DEVICE_FAMILY = 1;
			};
			name = Debug;
		};
		8A227F9D1BF49E5E0093C215 /* Release */ = {
			isa = XCBuildConfiguration;
			buildSettings = {
				ASSETCATALOG_COMPILER_APPICON_NAME = AppIcon;
				ASSETCATALOG_COMPILER_LAUNCHIMAGE_NAME = "Brand Assets";
				DEVELOPMENT_TEAM = N7KJYZ955Q;
				INFOPLIST_FILE = "Sample/Supporting Files/Info.plist";
				LD_RUNPATH_SEARCH_PATHS = "$(inherited) @executable_path/Frameworks";
				PRODUCT_BUNDLE_IDENTIFIER = org.sdkdimon.Sample;
				PRODUCT_NAME = "$(TARGET_NAME)";
				TARGETED_DEVICE_FAMILY = 1;
			};
			name = Release;
		};
/* End XCBuildConfiguration section */

/* Begin XCConfigurationList section */
		8A227F7F1BF49E5E0093C215 /* Build configuration list for PBXProject "Sample" */ = {
			isa = XCConfigurationList;
			buildConfigurations = (
				8A227F991BF49E5E0093C215 /* Debug */,
				8A227F9A1BF49E5E0093C215 /* Release */,
			);
			defaultConfigurationIsVisible = 0;
			defaultConfigurationName = Release;
		};
		8A227F9B1BF49E5E0093C215 /* Build configuration list for PBXNativeTarget "Sample" */ = {
			isa = XCConfigurationList;
			buildConfigurations = (
				8A227F9C1BF49E5E0093C215 /* Debug */,
				8A227F9D1BF49E5E0093C215 /* Release */,
			);
			defaultConfigurationIsVisible = 0;
			defaultConfigurationName = Release;
		};
/* End XCConfigurationList section */
	};
	rootObject = 8A227F7C1BF49E5E0093C215 /* Project object */;
}
