// !$*UTF8*$!
{
	archiveVersion = 1;
	classes = {
	};
	objectVersion = 46;
	objects = {

/* Begin PBXBuildFile section */
		8A139A831C6B50B4006EFB12 /* DLAlertMessageController.h in Headers */ = {isa = PBXBuildFile; fileRef = 8A139A811C6B50B4006EFB12 /* DLAlertMessageController.h */; settings = {ATTRIBUTES = (Public, ); }; };
		8A139A841C6B50B4006EFB12 /* DLAlertMessageController.m in Sources */ = {isa = PBXBuildFile; fileRef = 8A139A821C6B50B4006EFB12 /* DLAlertMessageController.m */; };
		8A227F421BF49C6A0093C215 /* DLAlertActionController.h in Headers */ = {isa = PBXBuildFile; fileRef = 8A227F411BF49C6A0093C215 /* DLAlertActionController.h */; settings = {ATTRIBUTES = (Public, ); }; };
		8A227F5D1BF49D230093C215 /* DLAlertAction.h in Headers */ = {isa = PBXBuildFile; fileRef = 8A227F4A1BF49D230093C215 /* DLAlertAction.h */; settings = {ATTRIBUTES = (Public, ); }; };
		8A227F5E1BF49D230093C215 /* DLAlertAction.m in Sources */ = {isa = PBXBuildFile; fileRef = 8A227F4B1BF49D230093C215 /* DLAlertAction.m */; };
		8A227F5F1BF49D230093C215 /* DLAlertActionCell.h in Headers */ = {isa = PBXBuildFile; fileRef = 8A227F4C1BF49D230093C215 /* DLAlertActionCell.h */; settings = {ATTRIBUTES = (Public, ); }; };
		8A227F601BF49D230093C215 /* DLAlertActionCell.m in Sources */ = {isa = PBXBuildFile; fileRef = 8A227F4D1BF49D230093C215 /* DLAlertActionCell.m */; };
		8A227F611BF49D230093C215 /* DLAlertActionCollectionViewLayout.h in Headers */ = {isa = PBXBuildFile; fileRef = 8A227F4E1BF49D230093C215 /* DLAlertActionCollectionViewLayout.h */; settings = {ATTRIBUTES = (Public, ); }; };
		8A227F621BF49D230093C215 /* DLAlertActionCollectionViewLayout.m in Sources */ = {isa = PBXBuildFile; fileRef = 8A227F4F1BF49D230093C215 /* DLAlertActionCollectionViewLayout.m */; };
		8A227F631BF49D230093C215 /* DLAlertActionVisualStyle.h in Headers */ = {isa = PBXBuildFile; fileRef = 8A227F501BF49D230093C215 /* DLAlertActionVisualStyle.h */; settings = {ATTRIBUTES = (Public, ); }; };
		8A227F641BF49D230093C215 /* DLAlertActionVisualStyle.m in Sources */ = {isa = PBXBuildFile; fileRef = 8A227F511BF49D230093C215 /* DLAlertActionVisualStyle.m */; };
		8A227F651BF49D230093C215 /* DLAlertActionController.m in Sources */ = {isa = PBXBuildFile; fileRef = 8A227F531BF49D230093C215 /* DLAlertActionController.m */; };
		8A227F681BF49D230093C215 /* DLAlertAnimationController.h in Headers */ = {isa = PBXBuildFile; fileRef = 8A227F571BF49D230093C215 /* DLAlertAnimationController.h */; settings = {ATTRIBUTES = (Public, ); }; };
		8A227F691BF49D230093C215 /* DLAlertAnimationController.m in Sources */ = {isa = PBXBuildFile; fileRef = 8A227F581BF49D230093C215 /* DLAlertAnimationController.m */; };
		8A227F6A1BF49D230093C215 /* DLAlertPresentationController.h in Headers */ = {isa = PBXBuildFile; fileRef = 8A227F591BF49D230093C215 /* DLAlertPresentationController.h */; settings = {ATTRIBUTES = (Public, ); }; };
		8A227F6B1BF49D230093C215 /* DLAlertPresentationController.m in Sources */ = {isa = PBXBuildFile; fileRef = 8A227F5A1BF49D230093C215 /* DLAlertPresentationController.m */; };
		8A227F6C1BF49D230093C215 /* DLAlertTransitionController.h in Headers */ = {isa = PBXBuildFile; fileRef = 8A227F5B1BF49D230093C215 /* DLAlertTransitionController.h */; settings = {ATTRIBUTES = (Public, ); }; };
		8A227F6D1BF49D230093C215 /* DLAlertTransitionController.m in Sources */ = {isa = PBXBuildFile; fileRef = 8A227F5C1BF49D230093C215 /* DLAlertTransitionController.m */; };
		8A227F751BF49DCA0093C215 /* DLActionsCollectionView.h in Headers */ = {isa = PBXBuildFile; fileRef = 8A227F731BF49DCA0093C215 /* DLActionsCollectionView.h */; settings = {ATTRIBUTES = (Public, ); }; };
		8A227F761BF49DCA0093C215 /* DLActionsCollectionView.m in Sources */ = {isa = PBXBuildFile; fileRef = 8A227F741BF49DCA0093C215 /* DLActionsCollectionView.m */; };
		8A24ED541C5F6A09003A15A6 /* DLAlertTitleController.h in Headers */ = {isa = PBXBuildFile; fileRef = 8A24ED521C5F6A09003A15A6 /* DLAlertTitleController.h */; settings = {ATTRIBUTES = (Public, ); }; };
		8A24ED551C5F6A09003A15A6 /* DLAlertTitleController.m in Sources */ = {isa = PBXBuildFile; fileRef = 8A24ED531C5F6A09003A15A6 /* DLAlertTitleController.m */; };
		8A5D69311DD4988000BB13AE /* DLAlertController.h in Headers */ = {isa = PBXBuildFile; fileRef = 8A5D69301DD4988000BB13AE /* DLAlertController.h */; settings = {ATTRIBUTES = (Public, ); }; };
		8AA5FE651C5B7DF70060CA5A /* DLAlertControllerBase.h in Headers */ = {isa = PBXBuildFile; fileRef = 8AA5FE631C5B7DF70060CA5A /* DLAlertControllerBase.h */; settings = {ATTRIBUTES = (Public, ); }; };
		8AA5FE661C5B7DF70060CA5A /* DLAlertControllerBase.m in Sources */ = {isa = PBXBuildFile; fileRef = 8AA5FE641C5B7DF70060CA5A /* DLAlertControllerBase.m */; };
		8AA5FE6A1C5B81180060CA5A /* UIViewController+TopViewController.h in Headers */ = {isa = PBXBuildFile; fileRef = 8AA5FE681C5B81180060CA5A /* UIViewController+TopViewController.h */; settings = {ATTRIBUTES = (Public, ); }; };
		8AA5FE7B1C5B83500060CA5A /* UIViewController+TopViewController.m in Sources */ = {isa = PBXBuildFile; fileRef = 8AA5FE691C5B81180060CA5A /* UIViewController+TopViewController.m */; };
		8AA5FE851C5BAE940060CA5A /* DLAlertView.h in Headers */ = {isa = PBXBuildFile; fileRef = 8AA5FE831C5BAE940060CA5A /* DLAlertView.h */; settings = {ATTRIBUTES = (Public, ); }; };
		8AA5FE861C5BAE940060CA5A /* DLAlertView.m in Sources */ = {isa = PBXBuildFile; fileRef = 8AA5FE841C5BAE940060CA5A /* DLAlertView.m */; };
		8AA5FE891C5BB4290060CA5A /* DLAlertLoaderController.h in Headers */ = {isa = PBXBuildFile; fileRef = 8AA5FE871C5BB4290060CA5A /* DLAlertLoaderController.h */; settings = {ATTRIBUTES = (Public, ); }; };
		8AA5FE8A1C5BB4290060CA5A /* DLAlertLoaderController.m in Sources */ = {isa = PBXBuildFile; fileRef = 8AA5FE881C5BB4290060CA5A /* DLAlertLoaderController.m */; };
		8AC01E291BF4C538009FF122 /* DLAlertActionState.h in Headers */ = {isa = PBXBuildFile; fileRef = 8AC01E271BF4C538009FF122 /* DLAlertActionState.h */; settings = {ATTRIBUTES = (Public, ); }; };
		8AC01E2A1BF4C538009FF122 /* DLAlertActionStyle.h in Headers */ = {isa = PBXBuildFile; fileRef = 8AC01E281BF4C538009FF122 /* DLAlertActionStyle.h */; settings = {ATTRIBUTES = (Public, ); }; };
/* End PBXBuildFile section */

/* Begin PBXFileReference section */
		8A139A811C6B50B4006EFB12 /* DLAlertMessageController.h */ = {isa = PBXFileReference; fileEncoding = 4; lastKnownFileType = sourcecode.c.h; path = DLAlertMessageController.h; sourceTree = "<group>"; };
		8A139A821C6B50B4006EFB12 /* DLAlertMessageController.m */ = {isa = PBXFileReference; fileEncoding = 4; lastKnownFileType = sourcecode.c.objc; path = DLAlertMessageController.m; sourceTree = "<group>"; };
		8A227F3E1BF49C6A0093C215 /* DLAlertController.framework */ = {isa = PBXFileReference; explicitFileType = wrapper.framework; includeInIndex = 0; path = DLAlertController.framework; sourceTree = BUILT_PRODUCTS_DIR; };
		8A227F411BF49C6A0093C215 /* DLAlertActionController.h */ = {isa = PBXFileReference; lastKnownFileType = sourcecode.c.h; path = DLAlertActionController.h; sourceTree = "<group>"; };
		8A227F4A1BF49D230093C215 /* DLAlertAction.h */ = {isa = PBXFileReference; fileEncoding = 4; lastKnownFileType = sourcecode.c.h; path = DLAlertAction.h; sourceTree = "<group>"; };
		8A227F4B1BF49D230093C215 /* DLAlertAction.m */ = {isa = PBXFileReference; fileEncoding = 4; lastKnownFileType = sourcecode.c.objc; path = DLAlertAction.m; sourceTree = "<group>"; };
		8A227F4C1BF49D230093C215 /* DLAlertActionCell.h */ = {isa = PBXFileReference; fileEncoding = 4; lastKnownFileType = sourcecode.c.h; path = DLAlertActionCell.h; sourceTree = "<group>"; };
		8A227F4D1BF49D230093C215 /* DLAlertActionCell.m */ = {isa = PBXFileReference; fileEncoding = 4; lastKnownFileType = sourcecode.c.objc; path = DLAlertActionCell.m; sourceTree = "<group>"; };
		8A227F4E1BF49D230093C215 /* DLAlertActionCollectionViewLayout.h */ = {isa = PBXFileReference; fileEncoding = 4; lastKnownFileType = sourcecode.c.h; path = DLAlertActionCollectionViewLayout.h; sourceTree = "<group>"; };
		8A227F4F1BF49D230093C215 /* DLAlertActionCollectionViewLayout.m */ = {isa = PBXFileReference; fileEncoding = 4; lastKnownFileType = sourcecode.c.objc; path = DLAlertActionCollectionViewLayout.m; sourceTree = "<group>"; };
		8A227F501BF49D230093C215 /* DLAlertActionVisualStyle.h */ = {isa = PBXFileReference; fileEncoding = 4; lastKnownFileType = sourcecode.c.h; lineEnding = 0; path = DLAlertActionVisualStyle.h; sourceTree = "<group>"; xcLanguageSpecificationIdentifier = xcode.lang.objcpp; };
		8A227F511BF49D230093C215 /* DLAlertActionVisualStyle.m */ = {isa = PBXFileReference; fileEncoding = 4; lastKnownFileType = sourcecode.c.objc; lineEnding = 0; path = DLAlertActionVisualStyle.m; sourceTree = "<group>"; xcLanguageSpecificationIdentifier = xcode.lang.objc; };
		8A227F531BF49D230093C215 /* DLAlertActionController.m */ = {isa = PBXFileReference; fileEncoding = 4; lastKnownFileType = sourcecode.c.objc; lineEnding = 0; path = DLAlertActionController.m; sourceTree = "<group>"; xcLanguageSpecificationIdentifier = xcode.lang.objc; };
		8A227F571BF49D230093C215 /* DLAlertAnimationController.h */ = {isa = PBXFileReference; fileEncoding = 4; lastKnownFileType = sourcecode.c.h; path = DLAlertAnimationController.h; sourceTree = "<group>"; };
		8A227F581BF49D230093C215 /* DLAlertAnimationController.m */ = {isa = PBXFileReference; fileEncoding = 4; lastKnownFileType = sourcecode.c.objc; path = DLAlertAnimationController.m; sourceTree = "<group>"; };
		8A227F591BF49D230093C215 /* DLAlertPresentationController.h */ = {isa = PBXFileReference; fileEncoding = 4; lastKnownFileType = sourcecode.c.h; path = DLAlertPresentationController.h; sourceTree = "<group>"; };
		8A227F5A1BF49D230093C215 /* DLAlertPresentationController.m */ = {isa = PBXFileReference; fileEncoding = 4; lastKnownFileType = sourcecode.c.objc; path = DLAlertPresentationController.m; sourceTree = "<group>"; };
		8A227F5B1BF49D230093C215 /* DLAlertTransitionController.h */ = {isa = PBXFileReference; fileEncoding = 4; lastKnownFileType = sourcecode.c.h; path = DLAlertTransitionController.h; sourceTree = "<group>"; };
		8A227F5C1BF49D230093C215 /* DLAlertTransitionController.m */ = {isa = PBXFileReference; fileEncoding = 4; lastKnownFileType = sourcecode.c.objc; path = DLAlertTransitionController.m; sourceTree = "<group>"; };
		8A227F731BF49DCA0093C215 /* DLActionsCollectionView.h */ = {isa = PBXFileReference; fileEncoding = 4; lastKnownFileType = sourcecode.c.h; lineEnding = 0; path = DLActionsCollectionView.h; sourceTree = "<group>"; xcLanguageSpecificationIdentifier = xcode.lang.objcpp; };
		8A227F741BF49DCA0093C215 /* DLActionsCollectionView.m */ = {isa = PBXFileReference; fileEncoding = 4; lastKnownFileType = sourcecode.c.objc; lineEnding = 0; path = DLActionsCollectionView.m; sourceTree = "<group>"; xcLanguageSpecificationIdentifier = xcode.lang.objc; };
		8A24ED521C5F6A09003A15A6 /* DLAlertTitleController.h */ = {isa = PBXFileReference; fileEncoding = 4; lastKnownFileType = sourcecode.c.h; path = DLAlertTitleController.h; sourceTree = "<group>"; };
		8A24ED531C5F6A09003A15A6 /* DLAlertTitleController.m */ = {isa = PBXFileReference; fileEncoding = 4; lastKnownFileType = sourcecode.c.objc; path = DLAlertTitleController.m; sourceTree = "<group>"; };
		8A5D69301DD4988000BB13AE /* DLAlertController.h */ = {isa = PBXFileReference; fileEncoding = 4; lastKnownFileType = sourcecode.c.h; path = DLAlertController.h; sourceTree = "<group>"; };
		8A5D69321DD49AEE00BB13AE /* module.modulemap */ = {isa = PBXFileReference; fileEncoding = 4; lastKnownFileType = "sourcecode.module-map"; path = module.modulemap; sourceTree = "<group>"; };
		8AA5FE631C5B7DF70060CA5A /* DLAlertControllerBase.h */ = {isa = PBXFileReference; fileEncoding = 4; lastKnownFileType = sourcecode.c.h; path = DLAlertControllerBase.h; sourceTree = "<group>"; };
		8AA5FE641C5B7DF70060CA5A /* DLAlertControllerBase.m */ = {isa = PBXFileReference; fileEncoding = 4; lastKnownFileType = sourcecode.c.objc; path = DLAlertControllerBase.m; sourceTree = "<group>"; };
		8AA5FE681C5B81180060CA5A /* UIViewController+TopViewController.h */ = {isa = PBXFileReference; fileEncoding = 4; lastKnownFileType = sourcecode.c.h; path = "UIViewController+TopViewController.h"; sourceTree = "<group>"; };
		8AA5FE691C5B81180060CA5A /* UIViewController+TopViewController.m */ = {isa = PBXFileReference; fileEncoding = 4; lastKnownFileType = sourcecode.c.objc; path = "UIViewController+TopViewController.m"; sourceTree = "<group>"; };
		8AA5FE831C5BAE940060CA5A /* DLAlertView.h */ = {isa = PBXFileReference; fileEncoding = 4; lastKnownFileType = sourcecode.c.h; path = DLAlertView.h; sourceTree = "<group>"; };
		8AA5FE841C5BAE940060CA5A /* DLAlertView.m */ = {isa = PBXFileReference; fileEncoding = 4; lastKnownFileType = sourcecode.c.objc; path = DLAlertView.m; sourceTree = "<group>"; };
		8AA5FE871C5BB4290060CA5A /* DLAlertLoaderController.h */ = {isa = PBXFileReference; fileEncoding = 4; lastKnownFileType = sourcecode.c.h; path = DLAlertLoaderController.h; sourceTree = "<group>"; };
		8AA5FE881C5BB4290060CA5A /* DLAlertLoaderController.m */ = {isa = PBXFileReference; fileEncoding = 4; lastKnownFileType = sourcecode.c.objc; path = DLAlertLoaderController.m; sourceTree = "<group>"; };
		8AC01E241BF4B64C009FF122 /* Info.plist */ = {isa = PBXFileReference; fileEncoding = 4; lastKnownFileType = text.plist.xml; path = Info.plist; sourceTree = "<group>"; };
		8AC01E271BF4C538009FF122 /* DLAlertActionState.h */ = {isa = PBXFileReference; fileEncoding = 4; lastKnownFileType = sourcecode.c.h; path = DLAlertActionState.h; sourceTree = "<group>"; };
		8AC01E281BF4C538009FF122 /* DLAlertActionStyle.h */ = {isa = PBXFileReference; fileEncoding = 4; lastKnownFileType = sourcecode.c.h; lineEnding = 0; path = DLAlertActionStyle.h; sourceTree = "<group>"; xcLanguageSpecificationIdentifier = xcode.lang.objcpp; };
/* End PBXFileReference section */

/* Begin PBXFrameworksBuildPhase section */
		8A227F3A1BF49C6A0093C215 /* Frameworks */ = {
			isa = PBXFrameworksBuildPhase;
			buildActionMask = 2147483647;
			files = (
			);
			runOnlyForDeploymentPostprocessing = 0;
		};
/* End PBXFrameworksBuildPhase section */

/* Begin PBXGroup section */
		8A139A851C6B50C0006EFB12 /* Message */ = {
			isa = PBXGroup;
			children = (
				8A139A811C6B50B4006EFB12 /* DLAlertMessageController.h */,
				8A139A821C6B50B4006EFB12 /* DLAlertMessageController.m */,
			);
			name = Message;
			sourceTree = "<group>";
		};
		8A227F341BF49C6A0093C215 = {
			isa = PBXGroup;
			children = (
				8A227F401BF49C6A0093C215 /* DLAlertController */,
				8A227F3F1BF49C6A0093C215 /* Products */,
			);
			sourceTree = "<group>";
		};
		8A227F3F1BF49C6A0093C215 /* Products */ = {
			isa = PBXGroup;
			children = (
				8A227F3E1BF49C6A0093C215 /* DLAlertController.framework */,
			);
			name = Products;
			sourceTree = "<group>";
		};
		8A227F401BF49C6A0093C215 /* DLAlertController */ = {
			isa = PBXGroup;
			children = (
				8A5D69301DD4988000BB13AE /* DLAlertController.h */,
				8AA5FE831C5BAE940060CA5A /* DLAlertView.h */,
				8AA5FE841C5BAE940060CA5A /* DLAlertView.m */,
				8AA5FE801C5BAE5C0060CA5A /* Controllers */,
				8A227F491BF49D230093C215 /* Actions */,
				8AA5FE681C5B81180060CA5A /* UIViewController+TopViewController.h */,
				8AA5FE691C5B81180060CA5A /* UIViewController+TopViewController.m */,
				8A227F561BF49D230093C215 /* Presentation */,
				8AC01E231BF4B64C009FF122 /* SupportingFiles */,
			);
			path = DLAlertController;
			sourceTree = "<group>";
		};
		8A227F491BF49D230093C215 /* Actions */ = {
			isa = PBXGroup;
			children = (
				8AC01E271BF4C538009FF122 /* DLAlertActionState.h */,
				8AC01E281BF4C538009FF122 /* DLAlertActionStyle.h */,
				8A227F731BF49DCA0093C215 /* DLActionsCollectionView.h */,
				8A227F741BF49DCA0093C215 /* DLActionsCollectionView.m */,
				8A227F4A1BF49D230093C215 /* DLAlertAction.h */,
				8A227F4B1BF49D230093C215 /* DLAlertAction.m */,
				8A227F4C1BF49D230093C215 /* DLAlertActionCell.h */,
				8A227F4D1BF49D230093C215 /* DLAlertActionCell.m */,
				8A227F4E1BF49D230093C215 /* DLAlertActionCollectionViewLayout.h */,
				8A227F4F1BF49D230093C215 /* DLAlertActionCollectionViewLayout.m */,
				8A227F501BF49D230093C215 /* DLAlertActionVisualStyle.h */,
				8A227F511BF49D230093C215 /* DLAlertActionVisualStyle.m */,
			);
			path = Actions;
			sourceTree = "<group>";
		};
		8A227F561BF49D230093C215 /* Presentation */ = {
			isa = PBXGroup;
			children = (
				8A227F571BF49D230093C215 /* DLAlertAnimationController.h */,
				8A227F581BF49D230093C215 /* DLAlertAnimationController.m */,
				8A227F591BF49D230093C215 /* DLAlertPresentationController.h */,
				8A227F5A1BF49D230093C215 /* DLAlertPresentationController.m */,
				8A227F5B1BF49D230093C215 /* DLAlertTransitionController.h */,
				8A227F5C1BF49D230093C215 /* DLAlertTransitionController.m */,
			);
			path = Presentation;
			sourceTree = "<group>";
		};
		8A24ED501C5F6841003A15A6 /* ActionConroller */ = {
			isa = PBXGroup;
			children = (
				8A227F411BF49C6A0093C215 /* DLAlertActionController.h */,
				8A227F531BF49D230093C215 /* DLAlertActionController.m */,
			);
			name = ActionConroller;
			sourceTree = "<group>";
		};
		8A24ED511C5F69EE003A15A6 /* Title */ = {
			isa = PBXGroup;
			children = (
				8A24ED521C5F6A09003A15A6 /* DLAlertTitleController.h */,
				8A24ED531C5F6A09003A15A6 /* DLAlertTitleController.m */,
			);
			name = Title;
			sourceTree = "<group>";
		};
		8AA5FE801C5BAE5C0060CA5A /* Controllers */ = {
			isa = PBXGroup;
			children = (
				8A139A851C6B50C0006EFB12 /* Message */,
				8A24ED511C5F69EE003A15A6 /* Title */,
				8A24ED501C5F6841003A15A6 /* ActionConroller */,
				8AA5FE821C5BAE7A0060CA5A /* AlertLoader */,
				8AA5FE811C5BAE6B0060CA5A /* Base */,
			);
			name = Controllers;
			sourceTree = "<group>";
		};
		8AA5FE811C5BAE6B0060CA5A /* Base */ = {
			isa = PBXGroup;
			children = (
				8AA5FE631C5B7DF70060CA5A /* DLAlertControllerBase.h */,
				8AA5FE641C5B7DF70060CA5A /* DLAlertControllerBase.m */,
			);
			name = Base;
			sourceTree = "<group>";
		};
		8AA5FE821C5BAE7A0060CA5A /* AlertLoader */ = {
			isa = PBXGroup;
			children = (
				8AA5FE871C5BB4290060CA5A /* DLAlertLoaderController.h */,
				8AA5FE881C5BB4290060CA5A /* DLAlertLoaderController.m */,
			);
			name = AlertLoader;
			sourceTree = "<group>";
		};
		8AC01E231BF4B64C009FF122 /* SupportingFiles */ = {
			isa = PBXGroup;
			children = (
				8AC01E241BF4B64C009FF122 /* Info.plist */,
				8A5D69321DD49AEE00BB13AE /* module.modulemap */,
			);
			path = SupportingFiles;
			sourceTree = "<group>";
		};
/* End PBXGroup section */

/* Begin PBXHeadersBuildPhase section */
		8A227F3B1BF49C6A0093C215 /* Headers */ = {
			isa = PBXHeadersBuildPhase;
			buildActionMask = 2147483647;
			files = (
				8A227F681BF49D230093C215 /* DLAlertAnimationController.h in Headers */,
				8AC01E291BF4C538009FF122 /* DLAlertActionState.h in Headers */,
				8AA5FE651C5B7DF70060CA5A /* DLAlertControllerBase.h in Headers */,
				8AA5FE891C5BB4290060CA5A /* DLAlertLoaderController.h in Headers */,
				8AA5FE6A1C5B81180060CA5A /* UIViewController+TopViewController.h in Headers */,
				8A139A831C6B50B4006EFB12 /* DLAlertMessageController.h in Headers */,
				8A227F611BF49D230093C215 /* DLAlertActionCollectionViewLayout.h in Headers */,
				8A5D69311DD4988000BB13AE /* DLAlertController.h in Headers */,
				8A227F5F1BF49D230093C215 /* DLAlertActionCell.h in Headers */,
				8A24ED541C5F6A09003A15A6 /* DLAlertTitleController.h in Headers */,
				8A227F6C1BF49D230093C215 /* DLAlertTransitionController.h in Headers */,
				8A227F421BF49C6A0093C215 /* DLAlertActionController.h in Headers */,
				8A227F751BF49DCA0093C215 /* DLActionsCollectionView.h in Headers */,
				8AA5FE851C5BAE940060CA5A /* DLAlertView.h in Headers */,
				8A227F6A1BF49D230093C215 /* DLAlertPresentationController.h in Headers */,
				8A227F5D1BF49D230093C215 /* DLAlertAction.h in Headers */,
				8AC01E2A1BF4C538009FF122 /* DLAlertActionStyle.h in Headers */,
				8A227F631BF49D230093C215 /* DLAlertActionVisualStyle.h in Headers */,
			);
			runOnlyForDeploymentPostprocessing = 0;
		};
/* End PBXHeadersBuildPhase section */

/* Begin PBXNativeTarget section */
		8A227F3D1BF49C6A0093C215 /* DLAlertController */ = {
			isa = PBXNativeTarget;
			buildConfigurationList = 8A227F461BF49C6A0093C215 /* Build configuration list for PBXNativeTarget "DLAlertController" */;
			buildPhases = (
				8A227F391BF49C6A0093C215 /* Sources */,
				8A227F3A1BF49C6A0093C215 /* Frameworks */,
				8A227F3B1BF49C6A0093C215 /* Headers */,
				8A227F3C1BF49C6A0093C215 /* Resources */,
			);
			buildRules = (
			);
			dependencies = (
			);
			name = DLAlertController;
			productName = DLAlertController;
			productReference = 8A227F3E1BF49C6A0093C215 /* DLAlertController.framework */;
			productType = "com.apple.product-type.framework";
		};
/* End PBXNativeTarget section */

/* Begin PBXProject section */
		8A227F351BF49C6A0093C215 /* Project object */ = {
			isa = PBXProject;
			attributes = {
				LastUpgradeCheck = 0810;
				ORGANIZATIONNAME = "Dmitry Lizin";
				TargetAttributes = {
					8A227F3D1BF49C6A0093C215 = {
						CreatedOnToolsVersion = 7.1.1;
						DevelopmentTeam = N7KJYZ955Q;
					};
				};
			};
			buildConfigurationList = 8A227F381BF49C6A0093C215 /* Build configuration list for PBXProject "DLAlertController" */;
			compatibilityVersion = "Xcode 3.2";
			developmentRegion = English;
			hasScannedForEncodings = 0;
			knownRegions = (
				en,
			);
			mainGroup = 8A227F341BF49C6A0093C215;
			productRefGroup = 8A227F3F1BF49C6A0093C215 /* Products */;
			projectDirPath = "";
			projectRoot = "";
			targets = (
				8A227F3D1BF49C6A0093C215 /* DLAlertController */,
			);
		};
/* End PBXProject section */

/* Begin PBXResourcesBuildPhase section */
		8A227F3C1BF49C6A0093C215 /* Resources */ = {
			isa = PBXResourcesBuildPhase;
			buildActionMask = 2147483647;
			files = (
			);
			runOnlyForDeploymentPostprocessing = 0;
		};
/* End PBXResourcesBuildPhase section */

/* Begin PBXSourcesBuildPhase section */
		8A227F391BF49C6A0093C215 /* Sources */ = {
			isa = PBXSourcesBuildPhase;
			buildActionMask = 2147483647;
			files = (
				8AA5FE8A1C5BB4290060CA5A /* DLAlertLoaderController.m in Sources */,
				8A24ED551C5F6A09003A15A6 /* DLAlertTitleController.m in Sources */,
				8AA5FE7B1C5B83500060CA5A /* UIViewController+TopViewController.m in Sources */,
				8A227F641BF49D230093C215 /* DLAlertActionVisualStyle.m in Sources */,
				8AA5FE661C5B7DF70060CA5A /* DLAlertControllerBase.m in Sources */,
				8A227F691BF49D230093C215 /* DLAlertAnimationController.m in Sources */,
				8A227F761BF49DCA0093C215 /* DLActionsCollectionView.m in Sources */,
				8A227F6B1BF49D230093C215 /* DLAlertPresentationController.m in Sources */,
				8A227F651BF49D230093C215 /* DLAlertActionController.m in Sources */,
				8A139A841C6B50B4006EFB12 /* DLAlertMessageController.m in Sources */,
				8A227F601BF49D230093C215 /* DLAlertActionCell.m in Sources */,
				8A227F5E1BF49D230093C215 /* DLAlertAction.m in Sources */,
				8AA5FE861C5BAE940060CA5A /* DLAlertView.m in Sources */,
				8A227F6D1BF49D230093C215 /* DLAlertTransitionController.m in Sources */,
				8A227F621BF49D230093C215 /* DLAlertActionCollectionViewLayout.m in Sources */,
			);
			runOnlyForDeploymentPostprocessing = 0;
		};
/* End PBXSourcesBuildPhase section */

/* Begin XCBuildConfiguration section */
		8A227F441BF49C6A0093C215 /* Debug */ = {
			isa = XCBuildConfiguration;
			buildSettings = {
				ALWAYS_SEARCH_USER_PATHS = NO;
				CLANG_CXX_LANGUAGE_STANDARD = "gnu++0x";
				CLANG_CXX_LIBRARY = "libc++";
				CLANG_ENABLE_MODULES = YES;
				CLANG_ENABLE_OBJC_ARC = YES;
				CLANG_WARN_BOOL_CONVERSION = YES;
				CLANG_WARN_CONSTANT_CONVERSION = YES;
				CLANG_WARN_DIRECT_OBJC_ISA_USAGE = YES_ERROR;
				CLANG_WARN_EMPTY_BODY = YES;
				CLANG_WARN_ENUM_CONVERSION = YES;
				CLANG_WARN_INFINITE_RECURSION = YES;
				CLANG_WARN_INT_CONVERSION = YES;
				CLANG_WARN_OBJC_ROOT_CLASS = YES_ERROR;
				CLANG_WARN_SUSPICIOUS_MOVE = YES;
				CLANG_WARN_UNREACHABLE_CODE = YES;
				CLANG_WARN__DUPLICATE_METHOD_MATCH = YES;
				"CODE_SIGN_IDENTITY[sdk=iphoneos*]" = "iPhone Developer";
				COPY_PHASE_STRIP = NO;
				CURRENT_PROJECT_VERSION = 1;
				DEBUG_INFORMATION_FORMAT = dwarf;
				ENABLE_STRICT_OBJC_MSGSEND = YES;
				ENABLE_TESTABILITY = YES;
				GCC_C_LANGUAGE_STANDARD = gnu99;
				GCC_DYNAMIC_NO_PIC = NO;
				GCC_NO_COMMON_BLOCKS = YES;
				GCC_OPTIMIZATION_LEVEL = 0;
				GCC_PREPROCESSOR_DEFINITIONS = (
					"DEBUG=1",
					"$(inherited)",
				);
				GCC_WARN_64_TO_32_BIT_CONVERSION = YES;
				GCC_WARN_ABOUT_RETURN_TYPE = YES_ERROR;
				GCC_WARN_UNDECLARED_SELECTOR = YES;
				GCC_WARN_UNINITIALIZED_AUTOS = YES_AGGRESSIVE;
				GCC_WARN_UNUSED_FUNCTION = YES;
				GCC_WARN_UNUSED_VARIABLE = YES;
				IPHONEOS_DEPLOYMENT_TARGET = 8.0;
				MTL_ENABLE_DEBUG_INFO = YES;
				ONLY_ACTIVE_ARCH = YES;
				SDKROOT = iphoneos;
				TARGETED_DEVICE_FAMILY = "1,2";
				VERSIONING_SYSTEM = "apple-generic";
				VERSION_INFO_PREFIX = "";
			};
			name = Debug;
		};
		8A227F451BF49C6A0093C215 /* Release */ = {
			isa = XCBuildConfiguration;
			buildSettings = {
				ALWAYS_SEARCH_USER_PATHS = NO;
				CLANG_CXX_LANGUAGE_STANDARD = "gnu++0x";
				CLANG_CXX_LIBRARY = "libc++";
				CLANG_ENABLE_MODULES = YES;
				CLANG_ENABLE_OBJC_ARC = YES;
				CLANG_WARN_BOOL_CONVERSION = YES;
				CLANG_WARN_CONSTANT_CONVERSION = YES;
				CLANG_WARN_DIRECT_OBJC_ISA_USAGE = YES_ERROR;
				CLANG_WARN_EMPTY_BODY = YES;
				CLANG_WARN_ENUM_CONVERSION = YES;
				CLANG_WARN_INFINITE_RECURSION = YES;
				CLANG_WARN_INT_CONVERSION = YES;
				CLANG_WARN_OBJC_ROOT_CLASS = YES_ERROR;
				CLANG_WARN_SUSPICIOUS_MOVE = YES;
				CLANG_WARN_UNREACHABLE_CODE = YES;
				CLANG_WARN__DUPLICATE_METHOD_MATCH = YES;
				"CODE_SIGN_IDENTITY[sdk=iphoneos*]" = "iPhone Developer";
				COPY_PHASE_STRIP = NO;
				CURRENT_PROJECT_VERSION = 1;
				DEBUG_INFORMATION_FORMAT = "dwarf-with-dsym";
				ENABLE_NS_ASSERTIONS = NO;
				ENABLE_STRICT_OBJC_MSGSEND = YES;
				GCC_C_LANGUAGE_STANDARD = gnu99;
				GCC_NO_COMMON_BLOCKS = YES;
				GCC_WARN_64_TO_32_BIT_CONVERSION = YES;
				GCC_WARN_ABOUT_RETURN_TYPE = YES_ERROR;
				GCC_WARN_UNDECLARED_SELECTOR = YES;
				GCC_WARN_UNINITIALIZED_AUTOS = YES_AGGRESSIVE;
				GCC_WARN_UNUSED_FUNCTION = YES;
				GCC_WARN_UNUSED_VARIABLE = YES;
				IPHONEOS_DEPLOYMENT_TARGET = 8.0;
				MTL_ENABLE_DEBUG_INFO = NO;
				SDKROOT = iphoneos;
				TARGETED_DEVICE_FAMILY = "1,2";
				VALIDATE_PRODUCT = YES;
				VERSIONING_SYSTEM = "apple-generic";
				VERSION_INFO_PREFIX = "";
			};
			name = Release;
		};
		8A227F471BF49C6A0093C215 /* Debug */ = {
			isa = XCBuildConfiguration;
			buildSettings = {
				CLANG_WARN_BLOCK_CAPTURE_AUTORELEASING = YES;
				"CODE_SIGN_IDENTITY[sdk=iphoneos*]" = "iPhone Developer";
				DEFINES_MODULE = YES;
				DEVELOPMENT_TEAM = N7KJYZ955Q;
				DYLIB_COMPATIBILITY_VERSION = 1;
				DYLIB_CURRENT_VERSION = 1;
				DYLIB_INSTALL_NAME_BASE = "@rpath";
				INFOPLIST_FILE = DLAlertController/SupportingFiles/Info.plist;
				INSTALL_PATH = "$(LOCAL_LIBRARY_DIR)/Frameworks";
				LD_RUNPATH_SEARCH_PATHS = "$(inherited) @executable_path/Frameworks @loader_path/Frameworks";
				MACH_O_TYPE = staticlib;
				MODULEMAP_FILE = $SRCROOT/$PROJECT_NAME/SupportingFiles/module.modulemap;
				PRODUCT_BUNDLE_IDENTIFIER = org.sdkdimon.DLAlertController;
				PRODUCT_NAME = "$(TARGET_NAME)";
				SKIP_INSTALL = YES;
			};
			name = Debug;
		};
		8A227F481BF49C6A0093C215 /* Release */ = {
			isa = XCBuildConfiguration;
			buildSettings = {
				CLANG_WARN_BLOCK_CAPTURE_AUTORELEASING = YES;
				"CODE_SIGN_IDENTITY[sdk=iphoneos*]" = "";
				DEFINES_MODULE = YES;
				DEVELOPMENT_TEAM = N7KJYZ955Q;
				DYLIB_COMPATIBILITY_VERSION = 1;
				DYLIB_CURRENT_VERSION = 1;
				DYLIB_INSTALL_NAME_BASE = "@rpath";
				INFOPLIST_FILE = DLAlertController/SupportingFiles/Info.plist;
				INSTALL_PATH = "$(LOCAL_LIBRARY_DIR)/Frameworks";
				LD_RUNPATH_SEARCH_PATHS = "$(inherited) @executable_path/Frameworks @loader_path/Frameworks";
				MACH_O_TYPE = staticlib;
				MODULEMAP_FILE = $SRCROOT/$PROJECT_NAME/SupportingFiles/module.modulemap;
				PRODUCT_BUNDLE_IDENTIFIER = org.sdkdimon.DLAlertController;
				PRODUCT_NAME = "$(TARGET_NAME)";
				SKIP_INSTALL = YES;
			};
			name = Release;
		};
/* End XCBuildConfiguration section */

/* Begin XCConfigurationList section */
		8A227F381BF49C6A0093C215 /* Build configuration list for PBXProject "DLAlertController" */ = {
			isa = XCConfigurationList;
			buildConfigurations = (
				8A227F441BF49C6A0093C215 /* Debug */,
				8A227F451BF49C6A0093C215 /* Release */,
			);
			defaultConfigurationIsVisible = 0;
			defaultConfigurationName = Release;
		};
		8A227F461BF49C6A0093C215 /* Build configuration list for PBXNativeTarget "DLAlertController" */ = {
			isa = XCConfigurationList;
			buildConfigurations = (
				8A227F471BF49C6A0093C215 /* Debug */,
				8A227F481BF49C6A0093C215 /* Release */,
			);
			defaultConfigurationIsVisible = 0;
			defaultConfigurationName = Release;
		};
/* End XCConfigurationList section */
	};
	rootObject = 8A227F351BF49C6A0093C215 /* Project object */;
}
